
Microsoft Visual Studio Solution File, Format Version 12.00
# Visual Studio 14
VisualStudioVersion = 14.0.25420.1
MinimumVisualStudioVersion = 10.0.40219.1
Project("{FAE04EC0-301F-11D3-BF4B-00C04F79EFBC}") = "ArchiveKTR_Beta", "ArchiveKTR_Beta\ArchiveKTR_Beta.csproj", "{3DD69BEF-F95C-4C90-981C-66BBCE2AFB2B}"
EndProject
Global
	GlobalSection(SolutionConfigurationPlatforms) = preSolution
		Debug|Any CPU = Debug|Any CPU
		Release|Any CPU = Release|Any CPU
	EndGlobalSection
	GlobalSection(ProjectConfigurationPlatforms) = postSolution
		{3DD69BEF-F95C-4C90-981C-66BBCE2AFB2B}.Debug|Any CPU.ActiveCfg = Debug|Any CPU
		{3DD69BEF-F95C-4C90-981C-66BBCE2AFB2B}.Debug|Any CPU.Build.0 = Debug|Any CPU
		{3DD69BEF-F95C-4C90-981C-66BBCE2AFB2B}.Release|Any CPU.ActiveCfg = Release|Any CPU
		{3DD69BEF-F95C-4C90-981C-66BBCE2AFB2B}.Release|Any CPU.Build.0 = Release|Any CPU
	EndGlobalSection
	GlobalSection(SolutionProperties) = preSolution
		HideSolutionNode = FALSE
	EndGlobalSection
EndGlobal
